
Microsoft Visual Studio Solution File, Format Version 12.00
# Visual Studio Version 17
VisualStudioVersion = 17.0.31903.59
MinimumVisualStudioVersion = 10.0.40219.1
Project("{2150E333-8FDC-42A3-9474-1A3956D46DE8}") = "src", "src", "{1EE495AE-B5BA-4A80-A59F-5A2978C6650D}"
EndProject
Project("{2150E333-8FDC-42A3-9474-1A3956D46DE8}") = "tsts", "tsts", "{1CD7D9BE-6327-4100-A5A9-19F990057DED}"
EndProject
Project("{2150E333-8FDC-42A3-9474-1A3956D46DE8}") = "docs", "docs", "{99CFE9C5-6A65-4856-9EBE-4E687FCCC215}"
	ProjectSection(SolutionItems) = preProject
		README.md = README.md
	EndProjectSection
EndProject
Project("{9A19103F-16F7-4668-BE54-9A1E7A4F7556}") = "Ntickets.WebApi", "src\Ntickets.WebApi\Ntickets.WebApi.csproj", "{7A2DEEDE-04F5-4038-8027-9C75CB6554E7}"
EndProject
Project("{9A19103F-16F7-4668-BE54-9A1E7A4F7556}") = "Ntickets.Domain", "src\Ntickets.Domain\Ntickets.Domain.csproj", "{8828E27E-E146-4E38-862B-7AC43C55D5F8}"
EndProject
Project("{9A19103F-16F7-4668-BE54-9A1E7A4F7556}") = "Ntickets.Application", "src\Ntickets.Application\Ntickets.Application.csproj", "{9AA08D29-16D8-47D2-B58E-D0BDE0FBBE23}"
EndProject
Project("{9A19103F-16F7-4668-BE54-9A1E7A4F7556}") = "Ntickets.Infrascructure", "src\Ntickets.Infrascructure\Ntickets.Infrascructure.csproj", "{E80B1B9A-9C84-4630-9A3D-AF0BD063BA7D}"
EndProject
Project("{2150E333-8FDC-42A3-9474-1A3956D46DE8}") = "libs", "libs", "{491C0E84-0EDB-4F3B-AA3B-2DDAA14F9D11}"
EndProject
Project("{9A19103F-16F7-4668-BE54-9A1E7A4F7556}") = "Ntickets.BuildingBlocks.MethodResultsContext", "libs\Ntickets.BuildingBlocks.MethodResultsContext\Ntickets.BuildingBlocks.MethodResultsContext.csproj", "{F4166898-DAF1-499D-A170-3B8C00D1DCAE}"
EndProject
Project("{9A19103F-16F7-4668-BE54-9A1E7A4F7556}") = "Ntickets.BuildingBlocks.NotificationContext", "libs\Ntickets.BuildingBlocks.NotificationContext\Ntickets.BuildingBlocks.NotificationContext.csproj", "{B9529314-F0D7-41F2-BABD-AAD44BEFEB3C}"
EndProject
Project("{9A19103F-16F7-4668-BE54-9A1E7A4F7556}") = "Ntickets.UnitTests", "tsts\unit\Ntickets.UnitTests\Ntickets.UnitTests.csproj", "{6115129A-940F-4410-846D-113D7A2BEB3D}"
EndProject
Project("{9A19103F-16F7-4668-BE54-9A1E7A4F7556}") = "Ntickets.IntegrationTests", "tsts\integration\Ntickets.IntegrationTests\Ntickets.IntegrationTests.csproj", "{A1140132-34E6-4E0F-B272-4FBD470A82A2}"
EndProject
Project("{9A19103F-16F7-4668-BE54-9A1E7A4F7556}") = "Ntickets.BuildingBlocks.EventContext", "libs\Ntickets.BuildingBlocks.EventContext\Ntickets.BuildingBlocks.EventContext.csproj", "{7BA14BDE-A63F-4A83-AAE3-32A853C56C17}"
EndProject
Project("{9A19103F-16F7-4668-BE54-9A1E7A4F7556}") = "Ntickets.BuildingBlocks.AuditableInfoContext", "libs\Ntickets.BuildingBlocks.AuditableInfoContext\Ntickets.BuildingBlocks.AuditableInfoContext.csproj", "{FFA1E31B-7CB3-4CA2-BF0F-D52A6B341681}"
EndProject
Project("{9A19103F-16F7-4668-BE54-9A1E7A4F7556}") = "Ntickets.BuildingBlocks.ObservabilityContext", "libs\Ntickets.BuildingBlocks.ObservabilityContext\Ntickets.BuildingBlocks.ObservabilityContext.csproj", "{69FBAC0F-CC84-4545-B700-8CA5F34AA34C}"
EndProject
Project("{2150E333-8FDC-42A3-9474-1A3956D46DE8}") = "devops", "devops", "{D6B72DC6-9B1C-448C-84D5-FED13082DB6D}"
EndProject
Project("{2150E333-8FDC-42A3-9474-1A3956D46DE8}") = "local", "local", "{DF956B9E-DDF2-44DA-AE63-863B97015107}"
	ProjectSection(SolutionItems) = preProject
		devops\local\docker-compose.Local.yaml = devops\local\docker-compose.Local.yaml
		devops\local\otel-collector-config.yaml = devops\local\otel-collector-config.yaml
		devops\local\prometheus-config.yaml = devops\local\prometheus-config.yaml
	EndProjectSection
EndProject
Project("{2150E333-8FDC-42A3-9474-1A3956D46DE8}") = "continuos-deployment", "continuos-deployment", "{03FD2AE0-BB14-46F0-8325-EAA21E50E45B}"
	ProjectSection(SolutionItems) = preProject
		.github\workflows\continuos_deployment.yaml = .github\workflows\continuos_deployment.yaml
	EndProjectSection
EndProject
Global
	GlobalSection(SolutionConfigurationPlatforms) = preSolution
		Debug|Any CPU = Debug|Any CPU
		Release|Any CPU = Release|Any CPU
	EndGlobalSection
	GlobalSection(ProjectConfigurationPlatforms) = postSolution
		{7A2DEEDE-04F5-4038-8027-9C75CB6554E7}.Debug|Any CPU.ActiveCfg = Debug|Any CPU
		{7A2DEEDE-04F5-4038-8027-9C75CB6554E7}.Debug|Any CPU.Build.0 = Debug|Any CPU
		{7A2DEEDE-04F5-4038-8027-9C75CB6554E7}.Release|Any CPU.ActiveCfg = Release|Any CPU
		{7A2DEEDE-04F5-4038-8027-9C75CB6554E7}.Release|Any CPU.Build.0 = Release|Any CPU
		{8828E27E-E146-4E38-862B-7AC43C55D5F8}.Debug|Any CPU.ActiveCfg = Debug|Any CPU
		{8828E27E-E146-4E38-862B-7AC43C55D5F8}.Debug|Any CPU.Build.0 = Debug|Any CPU
		{8828E27E-E146-4E38-862B-7AC43C55D5F8}.Release|Any CPU.ActiveCfg = Release|Any CPU
		{8828E27E-E146-4E38-862B-7AC43C55D5F8}.Release|Any CPU.Build.0 = Release|Any CPU
		{9AA08D29-16D8-47D2-B58E-D0BDE0FBBE23}.Debug|Any CPU.ActiveCfg = Debug|Any CPU
		{9AA08D29-16D8-47D2-B58E-D0BDE0FBBE23}.Debug|Any CPU.Build.0 = Debug|Any CPU
		{9AA08D29-16D8-47D2-B58E-D0BDE0FBBE23}.Release|Any CPU.ActiveCfg = Release|Any CPU
		{9AA08D29-16D8-47D2-B58E-D0BDE0FBBE23}.Release|Any CPU.Build.0 = Release|Any CPU
		{E80B1B9A-9C84-4630-9A3D-AF0BD063BA7D}.Debug|Any CPU.ActiveCfg = Debug|Any CPU
		{E80B1B9A-9C84-4630-9A3D-AF0BD063BA7D}.Debug|Any CPU.Build.0 = Debug|Any CPU
		{E80B1B9A-9C84-4630-9A3D-AF0BD063BA7D}.Release|Any CPU.ActiveCfg = Release|Any CPU
		{E80B1B9A-9C84-4630-9A3D-AF0BD063BA7D}.Release|Any CPU.Build.0 = Release|Any CPU
		{F4166898-DAF1-499D-A170-3B8C00D1DCAE}.Debug|Any CPU.ActiveCfg = Debug|Any CPU
		{F4166898-DAF1-499D-A170-3B8C00D1DCAE}.Debug|Any CPU.Build.0 = Debug|Any CPU
		{F4166898-DAF1-499D-A170-3B8C00D1DCAE}.Release|Any CPU.ActiveCfg = Release|Any CPU
		{F4166898-DAF1-499D-A170-3B8C00D1DCAE}.Release|Any CPU.Build.0 = Release|Any CPU
		{B9529314-F0D7-41F2-BABD-AAD44BEFEB3C}.Debug|Any CPU.ActiveCfg = Debug|Any CPU
		{B9529314-F0D7-41F2-BABD-AAD44BEFEB3C}.Debug|Any CPU.Build.0 = Debug|Any CPU
		{B9529314-F0D7-41F2-BABD-AAD44BEFEB3C}.Release|Any CPU.ActiveCfg = Release|Any CPU
		{B9529314-F0D7-41F2-BABD-AAD44BEFEB3C}.Release|Any CPU.Build.0 = Release|Any CPU
		{6115129A-940F-4410-846D-113D7A2BEB3D}.Debug|Any CPU.ActiveCfg = Debug|Any CPU
		{6115129A-940F-4410-846D-113D7A2BEB3D}.Debug|Any CPU.Build.0 = Debug|Any CPU
		{6115129A-940F-4410-846D-113D7A2BEB3D}.Release|Any CPU.ActiveCfg = Release|Any CPU
		{6115129A-940F-4410-846D-113D7A2BEB3D}.Release|Any CPU.Build.0 = Release|Any CPU
		{A1140132-34E6-4E0F-B272-4FBD470A82A2}.Debug|Any CPU.ActiveCfg = Debug|Any CPU
		{A1140132-34E6-4E0F-B272-4FBD470A82A2}.Debug|Any CPU.Build.0 = Debug|Any CPU
		{A1140132-34E6-4E0F-B272-4FBD470A82A2}.Release|Any CPU.ActiveCfg = Release|Any CPU
		{A1140132-34E6-4E0F-B272-4FBD470A82A2}.Release|Any CPU.Build.0 = Release|Any CPU
		{7BA14BDE-A63F-4A83-AAE3-32A853C56C17}.Debug|Any CPU.ActiveCfg = Debug|Any CPU
		{7BA14BDE-A63F-4A83-AAE3-32A853C56C17}.Debug|Any CPU.Build.0 = Debug|Any CPU
		{7BA14BDE-A63F-4A83-AAE3-32A853C56C17}.Release|Any CPU.ActiveCfg = Release|Any CPU
		{7BA14BDE-A63F-4A83-AAE3-32A853C56C17}.Release|Any CPU.Build.0 = Release|Any CPU
		{FFA1E31B-7CB3-4CA2-BF0F-D52A6B341681}.Debug|Any CPU.ActiveCfg = Debug|Any CPU
		{FFA1E31B-7CB3-4CA2-BF0F-D52A6B341681}.Debug|Any CPU.Build.0 = Debug|Any CPU
		{FFA1E31B-7CB3-4CA2-BF0F-D52A6B341681}.Release|Any CPU.ActiveCfg = Release|Any CPU
		{FFA1E31B-7CB3-4CA2-BF0F-D52A6B341681}.Release|Any CPU.Build.0 = Release|Any CPU
		{69FBAC0F-CC84-4545-B700-8CA5F34AA34C}.Debug|Any CPU.ActiveCfg = Debug|Any CPU
		{69FBAC0F-CC84-4545-B700-8CA5F34AA34C}.Debug|Any CPU.Build.0 = Debug|Any CPU
		{69FBAC0F-CC84-4545-B700-8CA5F34AA34C}.Release|Any CPU.ActiveCfg = Release|Any CPU
		{69FBAC0F-CC84-4545-B700-8CA5F34AA34C}.Release|Any CPU.Build.0 = Release|Any CPU
	EndGlobalSection
	GlobalSection(SolutionProperties) = preSolution
		HideSolutionNode = FALSE
	EndGlobalSection
	GlobalSection(NestedProjects) = preSolution
		{7A2DEEDE-04F5-4038-8027-9C75CB6554E7} = {1EE495AE-B5BA-4A80-A59F-5A2978C6650D}
		{8828E27E-E146-4E38-862B-7AC43C55D5F8} = {1EE495AE-B5BA-4A80-A59F-5A2978C6650D}
		{9AA08D29-16D8-47D2-B58E-D0BDE0FBBE23} = {1EE495AE-B5BA-4A80-A59F-5A2978C6650D}
		{E80B1B9A-9C84-4630-9A3D-AF0BD063BA7D} = {1EE495AE-B5BA-4A80-A59F-5A2978C6650D}
		{F4166898-DAF1-499D-A170-3B8C00D1DCAE} = {491C0E84-0EDB-4F3B-AA3B-2DDAA14F9D11}
		{B9529314-F0D7-41F2-BABD-AAD44BEFEB3C} = {491C0E84-0EDB-4F3B-AA3B-2DDAA14F9D11}
		{6115129A-940F-4410-846D-113D7A2BEB3D} = {1CD7D9BE-6327-4100-A5A9-19F990057DED}
		{A1140132-34E6-4E0F-B272-4FBD470A82A2} = {1CD7D9BE-6327-4100-A5A9-19F990057DED}
		{7BA14BDE-A63F-4A83-AAE3-32A853C56C17} = {491C0E84-0EDB-4F3B-AA3B-2DDAA14F9D11}
		{FFA1E31B-7CB3-4CA2-BF0F-D52A6B341681} = {491C0E84-0EDB-4F3B-AA3B-2DDAA14F9D11}
		{69FBAC0F-CC84-4545-B700-8CA5F34AA34C} = {491C0E84-0EDB-4F3B-AA3B-2DDAA14F9D11}
		{DF956B9E-DDF2-44DA-AE63-863B97015107} = {D6B72DC6-9B1C-448C-84D5-FED13082DB6D}
		{03FD2AE0-BB14-46F0-8325-EAA21E50E45B} = {D6B72DC6-9B1C-448C-84D5-FED13082DB6D}
	EndGlobalSection
	GlobalSection(ExtensibilityGlobals) = postSolution
		SolutionGuid = {152FAC3D-1AF3-4FAB-BF94-CA91A3091897}
	EndGlobalSection
EndGlobal
